
Microsoft Visual Studio Solution File, Format Version 12.00
# Visual Studio Version 16
VisualStudioVersion = 16.0.28917.181
MinimumVisualStudioVersion = 10.0.40219.1
Project("{9A19103F-16F7-4668-BE54-9A1E7A4F7556}") = "KGSoft.InvincibleAzureDownloader", "KGSoft.InvincibleAzureDownloader\KGSoft.InvincibleAzureDownloader.csproj", "{AF862F8D-6E51-4F17-931B-1A71586FFD7F}"
EndProject
Project("{FAE04EC0-301F-11D3-BF4B-00C04F79EFBC}") = "KGSoft.InvincibleAzureDownloader.Test", "KGSoft.InvincibleAzureDownloader.Test\KGSoft.InvincibleAzureDownloader.Test.csproj", "{8BA75D63-9B67-44A9-8632-A952837DF39F}"
EndProject
Global
	GlobalSection(SolutionConfigurationPlatforms) = preSolution
		Debug|Any CPU = Debug|Any CPU
		Release|Any CPU = Release|Any CPU
	EndGlobalSection
	GlobalSection(ProjectConfigurationPlatforms) = postSolution
		{AF862F8D-6E51-4F17-931B-1A71586FFD7F}.Debug|Any CPU.ActiveCfg = Debug|Any CPU
		{AF862F8D-6E51-4F17-931B-1A71586FFD7F}.Debug|Any CPU.Build.0 = Debug|Any CPU
		{AF862F8D-6E51-4F17-931B-1A71586FFD7F}.Release|Any CPU.ActiveCfg = Release|Any CPU
		{AF862F8D-6E51-4F17-931B-1A71586FFD7F}.Release|Any CPU.Build.0 = Release|Any CPU
		{8BA75D63-9B67-44A9-8632-A952837DF39F}.Debug|Any CPU.ActiveCfg = Debug|Any CPU
		{8BA75D63-9B67-44A9-8632-A952837DF39F}.Debug|Any CPU.Build.0 = Debug|Any CPU
		{8BA75D63-9B67-44A9-8632-A952837DF39F}.Release|Any CPU.ActiveCfg = Release|Any CPU
		{8BA75D63-9B67-44A9-8632-A952837DF39F}.Release|Any CPU.Build.0 = Release|Any CPU
	EndGlobalSection
	GlobalSection(SolutionProperties) = preSolution
		HideSolutionNode = FALSE
	EndGlobalSection
	GlobalSection(ExtensibilityGlobals) = postSolution
		SolutionGuid = {AAFFB538-DE62-436F-9DFE-17C471D212F8}
	EndGlobalSection
EndGlobal
